PODS:
  - AmazonIVSChat (1.0.0):
    - AmazonIVSChat/Messaging (= 1.0.0)
  - AmazonIVSChat/Messaging (1.0.0)
  - AmazonIVSPlayer (1.23.0)

DEPENDENCIES:
  - AmazonIVSChat (~> 1.0.0)
  - AmazonIVSPlayer (~> 1.23.0)

SPEC REPOS:
  https://github.com/CocoaPods/Specs.git:
    - AmazonIVSChat
    - AmazonIVSPlayer

SPEC CHECKSUMS:
  AmazonIVSChat: 62d4e654c4b16b7e62d43048a0e548efd145f183
  AmazonIVSPlayer: 056aa543826328b578f51d5f3a1ac47b227d813d

PODFILE CHECKSUM: abd7a3d5a4c890e103dcc73641028916373da8cf

COCOAPODS: 1.13.0
